
Microsoft Visual Studio Solution File, Format Version 12.00
# Visual Studio Version 17
VisualStudioVersion = 17.0.32014.148
MinimumVisualStudioVersion = 10.0.40219.1
Project("{888888A0-9F3D-457C-B088-3A5042F75D52}") = "lab_work_2", "lab_work_2\lab_work_2.pyproj", "{7EC4F2DE-F4A4-4B42-B2AE-BF1670222B72}"
EndProject
Global
	GlobalSection(SolutionConfigurationPlatforms) = preSolution
		Debug|Any CPU = Debug|Any CPU
		Release|Any CPU = Release|Any CPU
	EndGlobalSection
	GlobalSection(ProjectConfigurationPlatforms) = postSolution
		{7EC4F2DE-F4A4-4B42-B2AE-BF1670222B72}.Debug|Any CPU.ActiveCfg = Debug|Any CPU
		{7EC4F2DE-F4A4-4B42-B2AE-BF1670222B72}.Release|Any CPU.ActiveCfg = Release|Any CPU
	EndGlobalSection
	GlobalSection(SolutionProperties) = preSolution
		HideSolutionNode = FALSE
	EndGlobalSection
	GlobalSection(ExtensibilityGlobals) = postSolution
		SolutionGuid = {03FE8F96-237D-43F1-BDA5-257B33B143A8}
	EndGlobalSection
EndGlobal
