
Microsoft Visual Studio Solution File, Format Version 12.00
# Visual Studio Version 17
VisualStudioVersion = 17.0.32014.148
MinimumVisualStudioVersion = 10.0.40219.1
Project("{888888A0-9F3D-457C-B088-3A5042F75D52}") = "lab_work_3", "lab_work_3\lab_work_3.pyproj", "{2474777C-0776-470E-A5AB-99369D693557}"
EndProject
Global
	GlobalSection(SolutionConfigurationPlatforms) = preSolution
		Debug|Any CPU = Debug|Any CPU
		Release|Any CPU = Release|Any CPU
	EndGlobalSection
	GlobalSection(ProjectConfigurationPlatforms) = postSolution
		{2474777C-0776-470E-A5AB-99369D693557}.Debug|Any CPU.ActiveCfg = Debug|Any CPU
		{2474777C-0776-470E-A5AB-99369D693557}.Release|Any CPU.ActiveCfg = Release|Any CPU
	EndGlobalSection
	GlobalSection(SolutionProperties) = preSolution
		HideSolutionNode = FALSE
	EndGlobalSection
	GlobalSection(ExtensibilityGlobals) = postSolution
		SolutionGuid = {D559E3F3-396C-4760-86B4-5CF2B92EE325}
	EndGlobalSection
EndGlobal
